// !$*UTF8*$!
{
	archiveVersion = 1;
	classes = {
	};
	objectVersion = 55;
	objects = {

/* Begin PBXBuildFile section */
		1987C3F727F9527E00A982DD /* DetalleViewController.swift in Sources */ = {isa = PBXBuildFile; fileRef = 1987C3F627F9527E00A982DD /* DetalleViewController.swift */; };
		19BCFA8627E42A0B007FD12D /* EnviarViewController.swift in Sources */ = {isa = PBXBuildFile; fileRef = 19BCFA8527E42A0B007FD12D /* EnviarViewController.swift */; };
		225B4D8227C3DF31003E6180 /* WelcomeViewModel.swift in Sources */ = {isa = PBXBuildFile; fileRef = 225B4D8127C3DF31003E6180 /* WelcomeViewModel.swift */; };
		225B4D8427C3DFCC003E6180 /* WelcomeViewController.swift in Sources */ = {isa = PBXBuildFile; fileRef = 225B4D8327C3DFCC003E6180 /* WelcomeViewController.swift */; };
		225B4D8627C3DFF2003E6180 /* SignUpViewModel.swift in Sources */ = {isa = PBXBuildFile; fileRef = 225B4D8527C3DFF2003E6180 /* SignUpViewModel.swift */; };
		225B4D8827C3E019003E6180 /* LoginViewModel.swift in Sources */ = {isa = PBXBuildFile; fileRef = 225B4D8727C3E019003E6180 /* LoginViewModel.swift */; };
		225B4D8A27C3E041003E6180 /* SignUpViewController.swift in Sources */ = {isa = PBXBuildFile; fileRef = 225B4D8927C3E041003E6180 /* SignUpViewController.swift */; };
		225B4D8C27C3E06D003E6180 /* LoginViewController.swift in Sources */ = {isa = PBXBuildFile; fileRef = 225B4D8B27C3E06D003E6180 /* LoginViewController.swift */; };
		225B4D9427C3E441003E6180 /* UIColor++.swift in Sources */ = {isa = PBXBuildFile; fileRef = 225B4D9327C3E441003E6180 /* UIColor++.swift */; };
		225B4D9627C3EDBB003E6180 /* UILabel++.swift in Sources */ = {isa = PBXBuildFile; fileRef = 225B4D9527C3EDBB003E6180 /* UILabel++.swift */; };
		225B4D9F27C3F9B9003E6180 /* UIView++.swift in Sources */ = {isa = PBXBuildFile; fileRef = 225B4D9E27C3F9B9003E6180 /* UIView++.swift */; };
		225B4DA327C3FABE003E6180 /* Constants.swift in Sources */ = {isa = PBXBuildFile; fileRef = 225B4DA227C3FABE003E6180 /* Constants.swift */; };
		22C877A427C4800100521C71 /* Poppins-SemiBold.ttf in Resources */ = {isa = PBXBuildFile; fileRef = 22C877A127C4800100521C71 /* Poppins-SemiBold.ttf */; };
		22C877A527C4800100521C71 /* Poppins-Medium.ttf in Resources */ = {isa = PBXBuildFile; fileRef = 22C877A227C4800100521C71 /* Poppins-Medium.ttf */; };
		22C877A627C4800100521C71 /* Poppins-Regular.ttf in Resources */ = {isa = PBXBuildFile; fileRef = 22C877A327C4800100521C71 /* Poppins-Regular.ttf */; };
		560C438027F97FD100CC6FAE /* RegisterDTO.swift in Sources */ = {isa = PBXBuildFile; fileRef = 560C437F27F97FD100CC6FAE /* RegisterDTO.swift */; };
		560C438227F9852600CC6FAE /* TransactionDTO.swift in Sources */ = {isa = PBXBuildFile; fileRef = 560C438127F9852600CC6FAE /* TransactionDTO.swift */; };
		560C438427F998B200CC6FAE /* UserRO.swift in Sources */ = {isa = PBXBuildFile; fileRef = 560C438327F998B200CC6FAE /* UserRO.swift */; };
		560C438627F999B700CC6FAE /* RegisterRO.swift in Sources */ = {isa = PBXBuildFile; fileRef = 560C438527F999B700CC6FAE /* RegisterRO.swift */; };
		56341CD827E012C300123524 /* TelefonoViewController.swift in Sources */ = {isa = PBXBuildFile; fileRef = 56341CD727E012C300123524 /* TelefonoViewController.swift */; };
		563FD5CB27DA9F12000A7420 /* DatosViewController.swift in Sources */ = {isa = PBXBuildFile; fileRef = 563FD5CA27DA9F12000A7420 /* DatosViewController.swift */; };
		56412CAD27E271290027BBA7 /* VerificarViewController.swift in Sources */ = {isa = PBXBuildFile; fileRef = 56412CAC27E271290027BBA7 /* VerificarViewController.swift */; };
		56412CAF27E2727A0027BBA7 /* VerificarTableViewController.swift in Sources */ = {isa = PBXBuildFile; fileRef = 56412CAE27E2727A0027BBA7 /* VerificarTableViewController.swift */; };
		56412CB127E28B770027BBA7 /* DocumentsTableViewCell.swift in Sources */ = {isa = PBXBuildFile; fileRef = 56412CB027E28B770027BBA7 /* DocumentsTableViewCell.swift */; };
		56412CB327E294AA0027BBA7 /* DetailDocumentViewController.swift in Sources */ = {isa = PBXBuildFile; fileRef = 56412CB227E294AA0027BBA7 /* DetailDocumentViewController.swift */; };
		56412CB527E2A7CB0027BBA7 /* ContrasenaViewController.swift in Sources */ = {isa = PBXBuildFile; fileRef = 56412CB427E2A7CB0027BBA7 /* ContrasenaViewController.swift */; };
		564B8B9F27FA2709008869D7 /* LoginModuleProtocols.swift in Sources */ = {isa = PBXBuildFile; fileRef = 564B8B9E27FA2709008869D7 /* LoginModuleProtocols.swift */; };
		564B8BA127FA2726008869D7 /* LoginModuleAPIDataManager.swift in Sources */ = {isa = PBXBuildFile; fileRef = 564B8BA027FA2726008869D7 /* LoginModuleAPIDataManager.swift */; };
		564B8BA327FA274C008869D7 /* LoginModuleLocalDataManager.swift in Sources */ = {isa = PBXBuildFile; fileRef = 564B8BA227FA274C008869D7 /* LoginModuleLocalDataManager.swift */; };
		564B8BA427FA36FD008869D7 /* ServicesBuilder.swift in Sources */ = {isa = PBXBuildFile; fileRef = 56FE2E3F27F69D0A008E8EE0 /* ServicesBuilder.swift */; };
		565E789F27BDB81700FE708D /* AppDelegate.swift in Sources */ = {isa = PBXBuildFile; fileRef = 565E789E27BDB81700FE708D /* AppDelegate.swift */; };
		565E78A127BDB81700FE708D /* SceneDelegate.swift in Sources */ = {isa = PBXBuildFile; fileRef = 565E78A027BDB81700FE708D /* SceneDelegate.swift */; };
		565E78A627BDB81700FE708D /* Main.storyboard in Resources */ = {isa = PBXBuildFile; fileRef = 565E78A427BDB81700FE708D /* Main.storyboard */; };
		565E78A827BDB81900FE708D /* Assets.xcassets in Resources */ = {isa = PBXBuildFile; fileRef = 565E78A727BDB81900FE708D /* Assets.xcassets */; };
		565E78AB27BDB81900FE708D /* LaunchScreen.storyboard in Resources */ = {isa = PBXBuildFile; fileRef = 565E78A927BDB81900FE708D /* LaunchScreen.storyboard */; };
		567479F027FB9D4D0079E198 /* ContactsDTO.swift in Sources */ = {isa = PBXBuildFile; fileRef = 567479EF27FB9D4D0079E198 /* ContactsDTO.swift */; };
		567479F227FBA5B80079E198 /* ContactsRO.swift in Sources */ = {isa = PBXBuildFile; fileRef = 567479F127FBA5B80079E198 /* ContactsRO.swift */; };
		56CECD0E27FBD8BB00F364A7 /* EnviarViewModel.swift in Sources */ = {isa = PBXBuildFile; fileRef = 56CECD0D27FBD8BB00F364A7 /* EnviarViewModel.swift */; };
		56CECD1027FBD8D600F364A7 /* EnviarModuleProtocols.swift in Sources */ = {isa = PBXBuildFile; fileRef = 56CECD0F27FBD8D600F364A7 /* EnviarModuleProtocols.swift */; };
		56CECD1227FBD8EF00F364A7 /* EnviarModulesAPIDataManager.swift in Sources */ = {isa = PBXBuildFile; fileRef = 56CECD1127FBD8EF00F364A7 /* EnviarModulesAPIDataManager.swift */; };
		56CECD1427FBD90100F364A7 /* EnviarModuleLocalDataManager.swift in Sources */ = {isa = PBXBuildFile; fileRef = 56CECD1327FBD90100F364A7 /* EnviarModuleLocalDataManager.swift */; };
		56CECD1627FBDD4500F364A7 /* TransactionRO.swift in Sources */ = {isa = PBXBuildFile; fileRef = 56CECD1527FBDD4500F364A7 /* TransactionRO.swift */; };
		56D935C127FA39B200E002ED /* ResponseParser.swift in Sources */ = {isa = PBXBuildFile; fileRef = 56FE2E3D27F69C19008E8EE0 /* ResponseParser.swift */; };
		56D935C427FA544F00E002ED /* RegisterData.swift in Sources */ = {isa = PBXBuildFile; fileRef = 56D935C327FA544F00E002ED /* RegisterData.swift */; };
		56D935C627FA5B1400E002ED /* DatosViewModel.swift in Sources */ = {isa = PBXBuildFile; fileRef = 56D935C527FA5B1400E002ED /* DatosViewModel.swift */; };
		56D935C827FA6C5000E002ED /* TelefonoViewModel.swift in Sources */ = {isa = PBXBuildFile; fileRef = 56D935C727FA6C5000E002ED /* TelefonoViewModel.swift */; };
		56D935CA27FA760900E002ED /* VerificarViewModel.swift in Sources */ = {isa = PBXBuildFile; fileRef = 56D935C927FA760900E002ED /* VerificarViewModel.swift */; };
		56D935CC27FA803200E002ED /* VerificarTableViewModel.swift in Sources */ = {isa = PBXBuildFile; fileRef = 56D935CB27FA803100E002ED /* VerificarTableViewModel.swift */; };
		56D935CE27FA82CF00E002ED /* DetailDocumentViewModel.swift in Sources */ = {isa = PBXBuildFile; fileRef = 56D935CD27FA82CF00E002ED /* DetailDocumentViewModel.swift */; };
		56D935D027FA8CD500E002ED /* ContrasenaViewModel.swift in Sources */ = {isa = PBXBuildFile; fileRef = 56D935CF27FA8CD500E002ED /* ContrasenaViewModel.swift */; };
		56D935D227FA94EB00E002ED /* EnviandoDatosViewModel.swift in Sources */ = {isa = PBXBuildFile; fileRef = 56D935D127FA94EB00E002ED /* EnviandoDatosViewModel.swift */; };
		56D935D527FA9DAC00E002ED /* SignupModuleAPIDataManager.swift in Sources */ = {isa = PBXBuildFile; fileRef = 56D935D427FA9DAC00E002ED /* SignupModuleAPIDataManager.swift */; };
		56D935D727FA9FAB00E002ED /* SignupModuleProtocols.swift in Sources */ = {isa = PBXBuildFile; fileRef = 56D935D627FA9FAB00E002ED /* SignupModuleProtocols.swift */; };
		56D935DA27FAEB4500E002ED /* UserDetailProtocols.swift in Sources */ = {isa = PBXBuildFile; fileRef = 56D935D927FAEB4500E002ED /* UserDetailProtocols.swift */; };
		56D935DC27FAEB6A00E002ED /* UserDetailViewModel.swift in Sources */ = {isa = PBXBuildFile; fileRef = 56D935DB27FAEB6A00E002ED /* UserDetailViewModel.swift */; };
		56D935DE27FAEB9800E002ED /* UserDetailAPIDataManager.swift in Sources */ = {isa = PBXBuildFile; fileRef = 56D935DD27FAEB9800E002ED /* UserDetailAPIDataManager.swift */; };
		56D935E027FAEBBC00E002ED /* UserDetailLocalDataManager.swift in Sources */ = {isa = PBXBuildFile; fileRef = 56D935DF27FAEBBC00E002ED /* UserDetailLocalDataManager.swift */; };
		56ED679C27E3E527000B6146 /* EnviandoDatosViewController.swift in Sources */ = {isa = PBXBuildFile; fileRef = 56ED679B27E3E527000B6146 /* EnviandoDatosViewController.swift */; };
		56ED679F27E3E583000B6146 /* ConfirmacionViewController.swift in Sources */ = {isa = PBXBuildFile; fileRef = 56ED679E27E3E583000B6146 /* ConfirmacionViewController.swift */; };
		56FD96ED27CB2FFC00C708ED /* InicioViewController.swift in Sources */ = {isa = PBXBuildFile; fileRef = 56FD96EC27CB2FFC00C708ED /* InicioViewController.swift */; };
		56FD96EF27CB303600C708ED /* TabBarViewController.swift in Sources */ = {isa = PBXBuildFile; fileRef = 56FD96EE27CB303600C708ED /* TabBarViewController.swift */; };
		56FD96F427CB313200C708ED /* TarjetaViewController.swift in Sources */ = {isa = PBXBuildFile; fileRef = 56FD96F327CB313200C708ED /* TarjetaViewController.swift */; };
		56FD96F927CB318A00C708ED /* ServiciosViewController.swift in Sources */ = {isa = PBXBuildFile; fileRef = 56FD96F827CB318A00C708ED /* ServiciosViewController.swift */; };
		56FE2E3627F69A5E008E8EE0 /* NetworkError.swift in Sources */ = {isa = PBXBuildFile; fileRef = 56FE2E3527F69A5E008E8EE0 /* NetworkError.swift */; };
		56FE2E3827F69AB9008E8EE0 /* LoginRO.swift in Sources */ = {isa = PBXBuildFile; fileRef = 56FE2E3727F69AB8008E8EE0 /* LoginRO.swift */; };
		56FE2E3A27F69AEB008E8EE0 /* Response.swift in Sources */ = {isa = PBXBuildFile; fileRef = 56FE2E3927F69AEB008E8EE0 /* Response.swift */; };
		56FE2E3C27F69B25008E8EE0 /* LoginDTO.swift in Sources */ = {isa = PBXBuildFile; fileRef = 56FE2E3B27F69B25008E8EE0 /* LoginDTO.swift */; };
		56FE2E4227F69D19008E8EE0 /* Endpoints.swift in Sources */ = {isa = PBXBuildFile; fileRef = 56FE2E4127F69D19008E8EE0 /* Endpoints.swift */; };
		BD0D82CA27F942B7009ABC83 /* AccountTableViewCell.swift in Sources */ = {isa = PBXBuildFile; fileRef = BD0D82C927F942B7009ABC83 /* AccountTableViewCell.swift */; };
		BD0D82CC27F981BC009ABC83 /* DetailAccountViewController.swift in Sources */ = {isa = PBXBuildFile; fileRef = BD0D82CB27F981BC009ABC83 /* DetailAccountViewController.swift */; };
		BD0D82CE27FA4576009ABC83 /* ModalViewController.swift in Sources */ = {isa = PBXBuildFile; fileRef = BD0D82CD27FA4575009ABC83 /* ModalViewController.swift */; };
		BD0D82D027FA6E36009ABC83 /* TransaccionFinalizadaViewController.swift in Sources */ = {isa = PBXBuildFile; fileRef = BD0D82CF27FA6E35009ABC83 /* TransaccionFinalizadaViewController.swift */; };
		BD0D82D227FA83CA009ABC83 /* EsperaViewController.swift in Sources */ = {isa = PBXBuildFile; fileRef = BD0D82D127FA83C9009ABC83 /* EsperaViewController.swift */; };
		BD0D82D727FADD7D009ABC83 /* TransactionObject.swift in Sources */ = {isa = PBXBuildFile; fileRef = BD0D82D627FADD7C009ABC83 /* TransactionObject.swift */; };
		BD0D82D927FAE929009ABC83 /* TransactionTableViewCell.swift in Sources */ = {isa = PBXBuildFile; fileRef = BD0D82D827FAE929009ABC83 /* TransactionTableViewCell.swift */; };
		BD0D82DB27FAE972009ABC83 /* DetailTransactionViewController.swift in Sources */ = {isa = PBXBuildFile; fileRef = BD0D82DA27FAE972009ABC83 /* DetailTransactionViewController.swift */; };
		BDE94F9B27ED5BC8006E27E0 /* AgregarTarjetaViewController.swift in Sources */ = {isa = PBXBuildFile; fileRef = BDE94F9A27ED5BC8006E27E0 /* AgregarTarjetaViewController.swift */; };
		BDE94F9F27ED650F006E27E0 /* ConfirmarAgregadoViewController.swift in Sources */ = {isa = PBXBuildFile; fileRef = BDE94F9E27ED650F006E27E0 /* ConfirmarAgregadoViewController.swift */; };
		BDE94FA127EE71E5006E27E0 /* AccountObject.swift in Sources */ = {isa = PBXBuildFile; fileRef = BDE94FA027EE71E5006E27E0 /* AccountObject.swift */; };
/* End PBXBuildFile section */

/* Begin PBXFileReference section */
		1987C3F627F9527E00A982DD /* DetalleViewController.swift */ = {isa = PBXFileReference; lastKnownFileType = sourcecode.swift; path = DetalleViewController.swift; sourceTree = "<group>"; };
		19BCFA8527E42A0B007FD12D /* EnviarViewController.swift */ = {isa = PBXFileReference; lastKnownFileType = sourcecode.swift; path = EnviarViewController.swift; sourceTree = "<group>"; };
		225B4D8127C3DF31003E6180 /* WelcomeViewModel.swift */ = {isa = PBXFileReference; lastKnownFileType = sourcecode.swift; path = WelcomeViewModel.swift; sourceTree = "<group>"; };
		225B4D8327C3DFCC003E6180 /* WelcomeViewController.swift */ = {isa = PBXFileReference; lastKnownFileType = sourcecode.swift; path = WelcomeViewController.swift; sourceTree = "<group>"; };
		225B4D8527C3DFF2003E6180 /* SignUpViewModel.swift */ = {isa = PBXFileReference; lastKnownFileType = sourcecode.swift; path = SignUpViewModel.swift; sourceTree = "<group>"; };
		225B4D8727C3E019003E6180 /* LoginViewModel.swift */ = {isa = PBXFileReference; lastKnownFileType = sourcecode.swift; path = LoginViewModel.swift; sourceTree = "<group>"; };
		225B4D8927C3E041003E6180 /* SignUpViewController.swift */ = {isa = PBXFileReference; lastKnownFileType = sourcecode.swift; path = SignUpViewController.swift; sourceTree = "<group>"; };
		225B4D8B27C3E06D003E6180 /* LoginViewController.swift */ = {isa = PBXFileReference; lastKnownFileType = sourcecode.swift; path = LoginViewController.swift; sourceTree = "<group>"; };
		225B4D9327C3E441003E6180 /* UIColor++.swift */ = {isa = PBXFileReference; lastKnownFileType = sourcecode.swift; path = "UIColor++.swift"; sourceTree = "<group>"; };
		225B4D9527C3EDBB003E6180 /* UILabel++.swift */ = {isa = PBXFileReference; lastKnownFileType = sourcecode.swift; path = "UILabel++.swift"; sourceTree = "<group>"; };
		225B4D9E27C3F9B9003E6180 /* UIView++.swift */ = {isa = PBXFileReference; lastKnownFileType = sourcecode.swift; path = "UIView++.swift"; sourceTree = "<group>"; };
		225B4DA227C3FABE003E6180 /* Constants.swift */ = {isa = PBXFileReference; lastKnownFileType = sourcecode.swift; path = Constants.swift; sourceTree = "<group>"; };
		22C877A127C4800100521C71 /* Poppins-SemiBold.ttf */ = {isa = PBXFileReference; lastKnownFileType = file; path = "Poppins-SemiBold.ttf"; sourceTree = "<group>"; };
		22C877A227C4800100521C71 /* Poppins-Medium.ttf */ = {isa = PBXFileReference; lastKnownFileType = file; path = "Poppins-Medium.ttf"; sourceTree = "<group>"; };
		22C877A327C4800100521C71 /* Poppins-Regular.ttf */ = {isa = PBXFileReference; lastKnownFileType = file; path = "Poppins-Regular.ttf"; sourceTree = "<group>"; };
		560C437F27F97FD100CC6FAE /* RegisterDTO.swift */ = {isa = PBXFileReference; lastKnownFileType = sourcecode.swift; path = RegisterDTO.swift; sourceTree = "<group>"; };
		560C438127F9852600CC6FAE /* TransactionDTO.swift */ = {isa = PBXFileReference; lastKnownFileType = sourcecode.swift; path = TransactionDTO.swift; sourceTree = "<group>"; };
		560C438327F998B200CC6FAE /* UserRO.swift */ = {isa = PBXFileReference; lastKnownFileType = sourcecode.swift; path = UserRO.swift; sourceTree = "<group>"; };
		560C438527F999B700CC6FAE /* RegisterRO.swift */ = {isa = PBXFileReference; lastKnownFileType = sourcecode.swift; path = RegisterRO.swift; sourceTree = "<group>"; };
		56341CD727E012C300123524 /* TelefonoViewController.swift */ = {isa = PBXFileReference; lastKnownFileType = sourcecode.swift; path = TelefonoViewController.swift; sourceTree = "<group>"; };
		563FD5CA27DA9F12000A7420 /* DatosViewController.swift */ = {isa = PBXFileReference; lastKnownFileType = sourcecode.swift; path = DatosViewController.swift; sourceTree = "<group>"; };
		56412CAC27E271290027BBA7 /* VerificarViewController.swift */ = {isa = PBXFileReference; lastKnownFileType = sourcecode.swift; path = VerificarViewController.swift; sourceTree = "<group>"; };
		56412CAE27E2727A0027BBA7 /* VerificarTableViewController.swift */ = {isa = PBXFileReference; lastKnownFileType = sourcecode.swift; path = VerificarTableViewController.swift; sourceTree = "<group>"; };
		56412CB027E28B770027BBA7 /* DocumentsTableViewCell.swift */ = {isa = PBXFileReference; lastKnownFileType = sourcecode.swift; path = DocumentsTableViewCell.swift; sourceTree = "<group>"; };
		56412CB227E294AA0027BBA7 /* DetailDocumentViewController.swift */ = {isa = PBXFileReference; lastKnownFileType = sourcecode.swift; path = DetailDocumentViewController.swift; sourceTree = "<group>"; };
		56412CB427E2A7CB0027BBA7 /* ContrasenaViewController.swift */ = {isa = PBXFileReference; lastKnownFileType = sourcecode.swift; path = ContrasenaViewController.swift; sourceTree = "<group>"; };
		564B8B9E27FA2709008869D7 /* LoginModuleProtocols.swift */ = {isa = PBXFileReference; lastKnownFileType = sourcecode.swift; path = LoginModuleProtocols.swift; sourceTree = "<group>"; };
		564B8BA027FA2726008869D7 /* LoginModuleAPIDataManager.swift */ = {isa = PBXFileReference; lastKnownFileType = sourcecode.swift; path = LoginModuleAPIDataManager.swift; sourceTree = "<group>"; };
		564B8BA227FA274C008869D7 /* LoginModuleLocalDataManager.swift */ = {isa = PBXFileReference; lastKnownFileType = sourcecode.swift; path = LoginModuleLocalDataManager.swift; sourceTree = "<group>"; };
		565E789B27BDB81700FE708D /* bankodemia.app */ = {isa = PBXFileReference; explicitFileType = wrapper.application; includeInIndex = 0; path = bankodemia.app; sourceTree = BUILT_PRODUCTS_DIR; };
		565E789E27BDB81700FE708D /* AppDelegate.swift */ = {isa = PBXFileReference; lastKnownFileType = sourcecode.swift; path = AppDelegate.swift; sourceTree = "<group>"; };
		565E78A027BDB81700FE708D /* SceneDelegate.swift */ = {isa = PBXFileReference; lastKnownFileType = sourcecode.swift; path = SceneDelegate.swift; sourceTree = "<group>"; };
		565E78A527BDB81700FE708D /* Base */ = {isa = PBXFileReference; lastKnownFileType = file.storyboard; name = Base; path = Base.lproj/Main.storyboard; sourceTree = "<group>"; };
		565E78A727BDB81900FE708D /* Assets.xcassets */ = {isa = PBXFileReference; lastKnownFileType = folder.assetcatalog; path = Assets.xcassets; sourceTree = "<group>"; };
		565E78AA27BDB81900FE708D /* Base */ = {isa = PBXFileReference; lastKnownFileType = file.storyboard; name = Base; path = Base.lproj/LaunchScreen.storyboard; sourceTree = "<group>"; };
		565E78AC27BDB81900FE708D /* Info.plist */ = {isa = PBXFileReference; lastKnownFileType = text.plist.xml; path = Info.plist; sourceTree = "<group>"; };
		567479EF27FB9D4D0079E198 /* ContactsDTO.swift */ = {isa = PBXFileReference; lastKnownFileType = sourcecode.swift; path = ContactsDTO.swift; sourceTree = "<group>"; };
		567479F127FBA5B80079E198 /* ContactsRO.swift */ = {isa = PBXFileReference; lastKnownFileType = sourcecode.swift; path = ContactsRO.swift; sourceTree = "<group>"; };
		56CECD0D27FBD8BB00F364A7 /* EnviarViewModel.swift */ = {isa = PBXFileReference; lastKnownFileType = sourcecode.swift; path = EnviarViewModel.swift; sourceTree = "<group>"; };
		56CECD0F27FBD8D600F364A7 /* EnviarModuleProtocols.swift */ = {isa = PBXFileReference; lastKnownFileType = sourcecode.swift; path = EnviarModuleProtocols.swift; sourceTree = "<group>"; };
		56CECD1127FBD8EF00F364A7 /* EnviarModulesAPIDataManager.swift */ = {isa = PBXFileReference; lastKnownFileType = sourcecode.swift; path = EnviarModulesAPIDataManager.swift; sourceTree = "<group>"; };
		56CECD1327FBD90100F364A7 /* EnviarModuleLocalDataManager.swift */ = {isa = PBXFileReference; lastKnownFileType = sourcecode.swift; path = EnviarModuleLocalDataManager.swift; sourceTree = "<group>"; };
		56CECD1527FBDD4500F364A7 /* TransactionRO.swift */ = {isa = PBXFileReference; lastKnownFileType = sourcecode.swift; path = TransactionRO.swift; sourceTree = "<group>"; };
		56D935C327FA544F00E002ED /* RegisterData.swift */ = {isa = PBXFileReference; lastKnownFileType = sourcecode.swift; path = RegisterData.swift; sourceTree = "<group>"; };
		56D935C527FA5B1400E002ED /* DatosViewModel.swift */ = {isa = PBXFileReference; lastKnownFileType = sourcecode.swift; path = DatosViewModel.swift; sourceTree = "<group>"; };
		56D935C727FA6C5000E002ED /* TelefonoViewModel.swift */ = {isa = PBXFileReference; lastKnownFileType = sourcecode.swift; path = TelefonoViewModel.swift; sourceTree = "<group>"; };
		56D935C927FA760900E002ED /* VerificarViewModel.swift */ = {isa = PBXFileReference; lastKnownFileType = sourcecode.swift; path = VerificarViewModel.swift; sourceTree = "<group>"; };
		56D935CB27FA803100E002ED /* VerificarTableViewModel.swift */ = {isa = PBXFileReference; lastKnownFileType = sourcecode.swift; path = VerificarTableViewModel.swift; sourceTree = "<group>"; };
		56D935CD27FA82CF00E002ED /* DetailDocumentViewModel.swift */ = {isa = PBXFileReference; lastKnownFileType = sourcecode.swift; path = DetailDocumentViewModel.swift; sourceTree = "<group>"; };
		56D935CF27FA8CD500E002ED /* ContrasenaViewModel.swift */ = {isa = PBXFileReference; lastKnownFileType = sourcecode.swift; path = ContrasenaViewModel.swift; sourceTree = "<group>"; };
		56D935D127FA94EB00E002ED /* EnviandoDatosViewModel.swift */ = {isa = PBXFileReference; lastKnownFileType = sourcecode.swift; path = EnviandoDatosViewModel.swift; sourceTree = "<group>"; };
		56D935D427FA9DAC00E002ED /* SignupModuleAPIDataManager.swift */ = {isa = PBXFileReference; lastKnownFileType = sourcecode.swift; path = SignupModuleAPIDataManager.swift; sourceTree = "<group>"; };
		56D935D627FA9FAB00E002ED /* SignupModuleProtocols.swift */ = {isa = PBXFileReference; lastKnownFileType = sourcecode.swift; path = SignupModuleProtocols.swift; sourceTree = "<group>"; };
		56D935D927FAEB4500E002ED /* UserDetailProtocols.swift */ = {isa = PBXFileReference; lastKnownFileType = sourcecode.swift; path = UserDetailProtocols.swift; sourceTree = "<group>"; };
		56D935DB27FAEB6A00E002ED /* UserDetailViewModel.swift */ = {isa = PBXFileReference; lastKnownFileType = sourcecode.swift; path = UserDetailViewModel.swift; sourceTree = "<group>"; };
		56D935DD27FAEB9800E002ED /* UserDetailAPIDataManager.swift */ = {isa = PBXFileReference; lastKnownFileType = sourcecode.swift; path = UserDetailAPIDataManager.swift; sourceTree = "<group>"; };
		56D935DF27FAEBBC00E002ED /* UserDetailLocalDataManager.swift */ = {isa = PBXFileReference; lastKnownFileType = sourcecode.swift; path = UserDetailLocalDataManager.swift; sourceTree = "<group>"; };
		56ED679B27E3E527000B6146 /* EnviandoDatosViewController.swift */ = {isa = PBXFileReference; lastKnownFileType = sourcecode.swift; path = EnviandoDatosViewController.swift; sourceTree = "<group>"; };
		56ED679E27E3E583000B6146 /* ConfirmacionViewController.swift */ = {isa = PBXFileReference; lastKnownFileType = sourcecode.swift; path = ConfirmacionViewController.swift; sourceTree = "<group>"; };
		56FD96EC27CB2FFC00C708ED /* InicioViewController.swift */ = {isa = PBXFileReference; lastKnownFileType = sourcecode.swift; path = InicioViewController.swift; sourceTree = "<group>"; };
		56FD96EE27CB303600C708ED /* TabBarViewController.swift */ = {isa = PBXFileReference; lastKnownFileType = sourcecode.swift; path = TabBarViewController.swift; sourceTree = "<group>"; };
		56FD96F327CB313200C708ED /* TarjetaViewController.swift */ = {isa = PBXFileReference; lastKnownFileType = sourcecode.swift; path = TarjetaViewController.swift; sourceTree = "<group>"; };
		56FD96F827CB318A00C708ED /* ServiciosViewController.swift */ = {isa = PBXFileReference; lastKnownFileType = sourcecode.swift; path = ServiciosViewController.swift; sourceTree = "<group>"; };
		56FE2E3527F69A5E008E8EE0 /* NetworkError.swift */ = {isa = PBXFileReference; lastKnownFileType = sourcecode.swift; path = NetworkError.swift; sourceTree = "<group>"; };
		56FE2E3727F69AB8008E8EE0 /* LoginRO.swift */ = {isa = PBXFileReference; lastKnownFileType = sourcecode.swift; path = LoginRO.swift; sourceTree = "<group>"; };
		56FE2E3927F69AEB008E8EE0 /* Response.swift */ = {isa = PBXFileReference; lastKnownFileType = sourcecode.swift; path = Response.swift; sourceTree = "<group>"; };
		56FE2E3B27F69B25008E8EE0 /* LoginDTO.swift */ = {isa = PBXFileReference; lastKnownFileType = sourcecode.swift; path = LoginDTO.swift; sourceTree = "<group>"; };
		56FE2E3D27F69C19008E8EE0 /* ResponseParser.swift */ = {isa = PBXFileReference; lastKnownFileType = sourcecode.swift; path = ResponseParser.swift; sourceTree = "<group>"; };
		56FE2E3F27F69D0A008E8EE0 /* ServicesBuilder.swift */ = {isa = PBXFileReference; lastKnownFileType = sourcecode.swift; path = ServicesBuilder.swift; sourceTree = "<group>"; };
		56FE2E4127F69D19008E8EE0 /* Endpoints.swift */ = {isa = PBXFileReference; lastKnownFileType = sourcecode.swift; path = Endpoints.swift; sourceTree = "<group>"; };
		BD0D82C927F942B7009ABC83 /* AccountTableViewCell.swift */ = {isa = PBXFileReference; lastKnownFileType = sourcecode.swift; path = AccountTableViewCell.swift; sourceTree = "<group>"; };
		BD0D82CB27F981BC009ABC83 /* DetailAccountViewController.swift */ = {isa = PBXFileReference; lastKnownFileType = sourcecode.swift; path = DetailAccountViewController.swift; sourceTree = "<group>"; };
		BD0D82CD27FA4575009ABC83 /* ModalViewController.swift */ = {isa = PBXFileReference; lastKnownFileType = sourcecode.swift; path = ModalViewController.swift; sourceTree = "<group>"; };
		BD0D82CF27FA6E35009ABC83 /* TransaccionFinalizadaViewController.swift */ = {isa = PBXFileReference; lastKnownFileType = sourcecode.swift; path = TransaccionFinalizadaViewController.swift; sourceTree = "<group>"; };
		BD0D82D127FA83C9009ABC83 /* EsperaViewController.swift */ = {isa = PBXFileReference; lastKnownFileType = sourcecode.swift; path = EsperaViewController.swift; sourceTree = "<group>"; };
		BD0D82D627FADD7C009ABC83 /* TransactionObject.swift */ = {isa = PBXFileReference; lastKnownFileType = sourcecode.swift; path = TransactionObject.swift; sourceTree = "<group>"; };
		BD0D82D827FAE929009ABC83 /* TransactionTableViewCell.swift */ = {isa = PBXFileReference; lastKnownFileType = sourcecode.swift; path = TransactionTableViewCell.swift; sourceTree = "<group>"; };
		BD0D82DA27FAE972009ABC83 /* DetailTransactionViewController.swift */ = {isa = PBXFileReference; lastKnownFileType = sourcecode.swift; path = DetailTransactionViewController.swift; sourceTree = "<group>"; };
		BDE94F9A27ED5BC8006E27E0 /* AgregarTarjetaViewController.swift */ = {isa = PBXFileReference; lastKnownFileType = sourcecode.swift; path = AgregarTarjetaViewController.swift; sourceTree = "<group>"; };
		BDE94F9E27ED650F006E27E0 /* ConfirmarAgregadoViewController.swift */ = {isa = PBXFileReference; lastKnownFileType = sourcecode.swift; path = ConfirmarAgregadoViewController.swift; sourceTree = "<group>"; };
		BDE94FA027EE71E5006E27E0 /* AccountObject.swift */ = {isa = PBXFileReference; lastKnownFileType = sourcecode.swift; path = AccountObject.swift; sourceTree = "<group>"; };
/* End PBXFileReference section */

/* Begin PBXFrameworksBuildPhase section */
		565E789827BDB81700FE708D /* Frameworks */ = {
			isa = PBXFrameworksBuildPhase;
			buildActionMask = 2147483647;
			files = (
			);
			runOnlyForDeploymentPostprocessing = 0;
		};
/* End PBXFrameworksBuildPhase section */

/* Begin PBXGroup section */
		1987C3F327F94F2C00A982DD /* Recibir  */ = {
			isa = PBXGroup;
			children = (
				1987C3F527F9517100A982DD /* Controller */,
				1987C3F427F9516300A982DD /* Model  */,
			);
			path = "Recibir ";
			sourceTree = "<group>";
		};
		1987C3F427F9516300A982DD /* Model  */ = {
			isa = PBXGroup;
			children = (
			);
			path = "Model ";
			sourceTree = "<group>";
		};
		1987C3F527F9517100A982DD /* Controller */ = {
			isa = PBXGroup;
			children = (
				1987C3F627F9527E00A982DD /* DetalleViewController.swift */,
			);
			path = Controller;
			sourceTree = "<group>";
		};
		19BCFA8227E42996007FD12D /* Enviar */ = {
			isa = PBXGroup;
			children = (
				BDE94FA227EE77D2006E27E0 /* Model */,
				19BCFA8427E429B8007FD12D /* Controller */,
				19BCFA8327E429AA007FD12D /* ViewModel */,
			);
			path = Enviar;
			sourceTree = "<group>";
		};
		19BCFA8327E429AA007FD12D /* ViewModel */ = {
			isa = PBXGroup;
			children = (
			);
			path = ViewModel;
			sourceTree = "<group>";
		};
		19BCFA8427E429B8007FD12D /* Controller */ = {
			isa = PBXGroup;
			children = (
				19BCFA8527E42A0B007FD12D /* EnviarViewController.swift */,
				BD0D82C927F942B7009ABC83 /* AccountTableViewCell.swift */,
				BD0D82CB27F981BC009ABC83 /* DetailAccountViewController.swift */,
				BD0D82CD27FA4575009ABC83 /* ModalViewController.swift */,
				BDE94F9A27ED5BC8006E27E0 /* AgregarTarjetaViewController.swift */,
				BD0D82D127FA83C9009ABC83 /* EsperaViewController.swift */,
				BD0D82CF27FA6E35009ABC83 /* TransaccionFinalizadaViewController.swift */,
				BDE94F9E27ED650F006E27E0 /* ConfirmarAgregadoViewController.swift */,
			);
			path = Controller;
			sourceTree = "<group>";
		};
		225B4D7627C3DD2D003E6180 /* Modules */ = {
			isa = PBXGroup;
			children = (
				1987C3F327F94F2C00A982DD /* Recibir  */,
				19BCFA8227E42996007FD12D /* Enviar */,
				56FD96F527CB316D00C708ED /* Servicios */,
				56FD96F027CB311400C708ED /* Tarjeta */,
				56910DE027CB289100F27013 /* TabBar */,
				56910DDF27CB288200F27013 /* Inicio */,
				225B4D7A27C3DD79003E6180 /* Welcome */,
				225B4D7827C3DD5B003E6180 /* SignUp */,
				225B4D7727C3DD53003E6180 /* Login */,
			);
			path = Modules;
			sourceTree = "<group>";
		};
		225B4D7727C3DD53003E6180 /* Login */ = {
			isa = PBXGroup;
			children = (
				564B8B9E27FA2709008869D7 /* LoginModuleProtocols.swift */,
				564B8BA027FA2726008869D7 /* LoginModuleAPIDataManager.swift */,
				564B8BA227FA274C008869D7 /* LoginModuleLocalDataManager.swift */,
				225B4D8027C3DE00003E6180 /* ViewModel */,
				225B4D7F27C3DDF8003E6180 /* Controller */,
			);
			path = Login;
			sourceTree = "<group>";
		};
		225B4D7827C3DD5B003E6180 /* SignUp */ = {
			isa = PBXGroup;
			children = (
				225B4D7E27C3DDF0003E6180 /* ViewModel */,
				225B4D7D27C3DDE7003E6180 /* Controller */,
			);
			path = SignUp;
			sourceTree = "<group>";
		};
		225B4D7A27C3DD79003E6180 /* Welcome */ = {
			isa = PBXGroup;
			children = (
				225B4D7C27C3DDD7003E6180 /* ViewModel */,
				225B4D7B27C3DDCD003E6180 /* Controller */,
			);
			path = Welcome;
			sourceTree = "<group>";
		};
		225B4D7B27C3DDCD003E6180 /* Controller */ = {
			isa = PBXGroup;
			children = (
				225B4D8327C3DFCC003E6180 /* WelcomeViewController.swift */,
			);
			path = Controller;
			sourceTree = "<group>";
		};
		225B4D7C27C3DDD7003E6180 /* ViewModel */ = {
			isa = PBXGroup;
			children = (
				225B4D8127C3DF31003E6180 /* WelcomeViewModel.swift */,
			);
			path = ViewModel;
			sourceTree = "<group>";
		};
		225B4D7D27C3DDE7003E6180 /* Controller */ = {
			isa = PBXGroup;
			children = (
				225B4D8927C3E041003E6180 /* SignUpViewController.swift */,
				563FD5CA27DA9F12000A7420 /* DatosViewController.swift */,
				56341CD727E012C300123524 /* TelefonoViewController.swift */,
				56412CAC27E271290027BBA7 /* VerificarViewController.swift */,
				56412CAE27E2727A0027BBA7 /* VerificarTableViewController.swift */,
				56412CB227E294AA0027BBA7 /* DetailDocumentViewController.swift */,
				56412CB427E2A7CB0027BBA7 /* ContrasenaViewController.swift */,
				56ED679B27E3E527000B6146 /* EnviandoDatosViewController.swift */,
				56ED679E27E3E583000B6146 /* ConfirmacionViewController.swift */,
			);
			path = Controller;
			sourceTree = "<group>";
		};
		225B4D7E27C3DDF0003E6180 /* ViewModel */ = {
			isa = PBXGroup;
			children = (
				56D935D427FA9DAC00E002ED /* SignupModuleAPIDataManager.swift */,
				56D935D627FA9FAB00E002ED /* SignupModuleProtocols.swift */,
				225B4D8527C3DFF2003E6180 /* SignUpViewModel.swift */,
				56412CB027E28B770027BBA7 /* DocumentsTableViewCell.swift */,
				56D935C527FA5B1400E002ED /* DatosViewModel.swift */,
				56D935C727FA6C5000E002ED /* TelefonoViewModel.swift */,
				56D935C927FA760900E002ED /* VerificarViewModel.swift */,
				56D935CB27FA803100E002ED /* VerificarTableViewModel.swift */,
				56D935CD27FA82CF00E002ED /* DetailDocumentViewModel.swift */,
				56D935CF27FA8CD500E002ED /* ContrasenaViewModel.swift */,
				56D935D127FA94EB00E002ED /* EnviandoDatosViewModel.swift */,
			);
			path = ViewModel;
			sourceTree = "<group>";
		};
		225B4D7F27C3DDF8003E6180 /* Controller */ = {
			isa = PBXGroup;
			children = (
				225B4D8B27C3E06D003E6180 /* LoginViewController.swift */,
			);
			path = Controller;
			sourceTree = "<group>";
		};
		225B4D8027C3DE00003E6180 /* ViewModel */ = {
			isa = PBXGroup;
			children = (
				225B4D8727C3E019003E6180 /* LoginViewModel.swift */,
			);
			path = ViewModel;
			sourceTree = "<group>";
		};
		225B4D9127C3E3D9003E6180 /* Model */ = {
			isa = PBXGroup;
			children = (
				225B4DA127C3FAAB003E6180 /* Constants */,
				225B4D9227C3E3FD003E6180 /* Extensions */,
			);
			path = Model;
			sourceTree = "<group>";
		};
		225B4D9227C3E3FD003E6180 /* Extensions */ = {
			isa = PBXGroup;
			children = (
				225B4D9327C3E441003E6180 /* UIColor++.swift */,
				225B4D9527C3EDBB003E6180 /* UILabel++.swift */,
				225B4D9E27C3F9B9003E6180 /* UIView++.swift */,
			);
			path = Extensions;
			sourceTree = "<group>";
		};
		225B4D9727C3F10E003E6180 /* Fonts */ = {
			isa = PBXGroup;
			children = (
				22C877A227C4800100521C71 /* Poppins-Medium.ttf */,
				22C877A327C4800100521C71 /* Poppins-Regular.ttf */,
				22C877A127C4800100521C71 /* Poppins-SemiBold.ttf */,
			);
			path = Fonts;
			sourceTree = "<group>";
		};
		225B4DA127C3FAAB003E6180 /* Constants */ = {
			isa = PBXGroup;
			children = (
				225B4DA227C3FABE003E6180 /* Constants.swift */,
			);
			path = Constants;
			sourceTree = "<group>";
		};
		225B4DA627C3FB58003E6180 /* View */ = {
			isa = PBXGroup;
			children = (
				565E78A427BDB81700FE708D /* Main.storyboard */,
			);
			path = View;
			sourceTree = "<group>";
		};
		565E789227BDB81700FE708D = {
			isa = PBXGroup;
			children = (
				565E789D27BDB81700FE708D /* bankodemia */,
				565E789C27BDB81700FE708D /* Products */,
			);
			sourceTree = "<group>";
		};
		565E789C27BDB81700FE708D /* Products */ = {
			isa = PBXGroup;
			children = (
				565E789B27BDB81700FE708D /* bankodemia.app */,
			);
			name = Products;
			sourceTree = "<group>";
		};
		565E789D27BDB81700FE708D /* bankodemia */ = {
			isa = PBXGroup;
			children = (
				56FE2E3127F69A0F008E8EE0 /* Services */,
				225B4D9727C3F10E003E6180 /* Fonts */,
				225B4D7627C3DD2D003E6180 /* Modules */,
				225B4D9127C3E3D9003E6180 /* Model */,
				225B4DA627C3FB58003E6180 /* View */,
				56FE2E3027F6998F008E8EE0 /* Delegates */,
				565E78A727BDB81900FE708D /* Assets.xcassets */,
				565E78A927BDB81900FE708D /* LaunchScreen.storyboard */,
				565E78AC27BDB81900FE708D /* Info.plist */,
			);
			path = bankodemia;
			sourceTree = "<group>";
		};
		56910DDF27CB288200F27013 /* Inicio */ = {
			isa = PBXGroup;
			children = (
				56D935D827FAEB1900E002ED /* View Model */,
				BD0D82D527FADD5C009ABC83 /* Model */,
				56910DE327CB2B1900F27013 /* Controller */,
			);
			path = Inicio;
			sourceTree = "<group>";
		};
		56910DE027CB289100F27013 /* TabBar */ = {
			isa = PBXGroup;
			children = (
				56910DE227CB2A9700F27013 /* ViewModel */,
				56910DE127CB2A9000F27013 /* Controller */,
			);
			path = TabBar;
			sourceTree = "<group>";
		};
		56910DE127CB2A9000F27013 /* Controller */ = {
			isa = PBXGroup;
			children = (
				56FD96EE27CB303600C708ED /* TabBarViewController.swift */,
			);
			path = Controller;
			sourceTree = "<group>";
		};
		56910DE227CB2A9700F27013 /* ViewModel */ = {
			isa = PBXGroup;
			children = (
			);
			path = ViewModel;
			sourceTree = "<group>";
		};
		56910DE327CB2B1900F27013 /* Controller */ = {
			isa = PBXGroup;
			children = (
				56FD96EC27CB2FFC00C708ED /* InicioViewController.swift */,
				BD0D82D827FAE929009ABC83 /* TransactionTableViewCell.swift */,
				BD0D82DA27FAE972009ABC83 /* DetailTransactionViewController.swift */,
			);
			path = Controller;
			sourceTree = "<group>";
		};
		56D935C227FA542200E002ED /* entity */ = {
			isa = PBXGroup;
			children = (
				56D935C327FA544F00E002ED /* RegisterData.swift */,
			);
			path = entity;
			sourceTree = "<group>";
		};
		56D935D827FAEB1900E002ED /* View Model */ = {
			isa = PBXGroup;
			children = (
				56D935D927FAEB4500E002ED /* UserDetailProtocols.swift */,
				56D935DB27FAEB6A00E002ED /* UserDetailViewModel.swift */,
				56D935DD27FAEB9800E002ED /* UserDetailAPIDataManager.swift */,
				56D935DF27FAEBBC00E002ED /* UserDetailLocalDataManager.swift */,
			);
			path = "View Model";
			sourceTree = "<group>";
		};
		56FD96F027CB311400C708ED /* Tarjeta */ = {
			isa = PBXGroup;
			children = (
				56FD96F227CB312100C708ED /* ViewModel */,
				56FD96F127CB311A00C708ED /* Controller */,
			);
			path = Tarjeta;
			sourceTree = "<group>";
		};
		56FD96F127CB311A00C708ED /* Controller */ = {
			isa = PBXGroup;
			children = (
				56FD96F327CB313200C708ED /* TarjetaViewController.swift */,
			);
			path = Controller;
			sourceTree = "<group>";
		};
		56FD96F227CB312100C708ED /* ViewModel */ = {
			isa = PBXGroup;
			children = (
			);
			path = ViewModel;
			sourceTree = "<group>";
		};
		56FD96F527CB316D00C708ED /* Servicios */ = {
			isa = PBXGroup;
			children = (
				56FD96F727CB317A00C708ED /* ViewModel */,
				56FD96F627CB317400C708ED /* Controller */,
			);
			path = Servicios;
			sourceTree = "<group>";
		};
		56FD96F627CB317400C708ED /* Controller */ = {
			isa = PBXGroup;
			children = (
				56FD96F827CB318A00C708ED /* ServiciosViewController.swift */,
			);
			path = Controller;
			sourceTree = "<group>";
		};
		56FD96F727CB317A00C708ED /* ViewModel */ = {
			isa = PBXGroup;
			children = (
			);
			path = ViewModel;
			sourceTree = "<group>";
		};
		56FE2E3027F6998F008E8EE0 /* Delegates */ = {
			isa = PBXGroup;
			children = (
				565E789E27BDB81700FE708D /* AppDelegate.swift */,
				565E78A027BDB81700FE708D /* SceneDelegate.swift */,
			);
			path = Delegates;
			sourceTree = "<group>";
		};
		56FE2E3127F69A0F008E8EE0 /* Services */ = {
			isa = PBXGroup;
			children = (
				56D935C227FA542200E002ED /* entity */,
				56FE2E3427F69A32008E8EE0 /* DataTransferObjects */,
				56FE2E3327F69A24008E8EE0 /* ReponseObjects */,
				56FE2E3227F69A1C008E8EE0 /* Errors */,
				56FE2E3D27F69C19008E8EE0 /* ResponseParser.swift */,
				56FE2E3F27F69D0A008E8EE0 /* ServicesBuilder.swift */,
				56FE2E4127F69D19008E8EE0 /* Endpoints.swift */,
			);
			path = Services;
			sourceTree = "<group>";
		};
		56FE2E3227F69A1C008E8EE0 /* Errors */ = {
			isa = PBXGroup;
			children = (
				56FE2E3527F69A5E008E8EE0 /* NetworkError.swift */,
			);
			path = Errors;
			sourceTree = "<group>";
		};
		56FE2E3327F69A24008E8EE0 /* ReponseObjects */ = {
			isa = PBXGroup;
			children = (
				56FE2E3727F69AB8008E8EE0 /* LoginRO.swift */,
				56FE2E3927F69AEB008E8EE0 /* Response.swift */,
				560C438327F998B200CC6FAE /* UserRO.swift */,
				560C438527F999B700CC6FAE /* RegisterRO.swift */,
				567479F127FBA5B80079E198 /* ContactsRO.swift */,
				56CECD1527FBDD4500F364A7 /* TransactionRO.swift */,
			);
			path = ReponseObjects;
			sourceTree = "<group>";
		};
		56FE2E3427F69A32008E8EE0 /* DataTransferObjects */ = {
			isa = PBXGroup;
			children = (
				56FE2E3B27F69B25008E8EE0 /* LoginDTO.swift */,
				560C437F27F97FD100CC6FAE /* RegisterDTO.swift */,
				560C438127F9852600CC6FAE /* TransactionDTO.swift */,
				567479EF27FB9D4D0079E198 /* ContactsDTO.swift */,
			);
			path = DataTransferObjects;
			sourceTree = "<group>";
		};
		BD0D82D527FADD5C009ABC83 /* Model */ = {
			isa = PBXGroup;
			children = (
				BD0D82D627FADD7C009ABC83 /* TransactionObject.swift */,
			);
			path = Model;
			sourceTree = "<group>";
		};
		BDE94FA227EE77D2006E27E0 /* Model */ = {
			isa = PBXGroup;
			children = (
				BDE94FA027EE71E5006E27E0 /* AccountObject.swift */,
				56CECD0D27FBD8BB00F364A7 /* EnviarViewModel.swift */,
				56CECD0F27FBD8D600F364A7 /* EnviarModuleProtocols.swift */,
				56CECD1127FBD8EF00F364A7 /* EnviarModulesAPIDataManager.swift */,
				56CECD1327FBD90100F364A7 /* EnviarModuleLocalDataManager.swift */,
			);
			path = Model;
			sourceTree = "<group>";
		};
/* End PBXGroup section */

/* Begin PBXNativeTarget section */
		565E789A27BDB81700FE708D /* bankodemia */ = {
			isa = PBXNativeTarget;
			buildConfigurationList = 565E78AF27BDB81900FE708D /* Build configuration list for PBXNativeTarget "bankodemia" */;
			buildPhases = (
				565E789727BDB81700FE708D /* Sources */,
				565E789827BDB81700FE708D /* Frameworks */,
				565E789927BDB81700FE708D /* Resources */,
			);
			buildRules = (
			);
			dependencies = (
			);
			name = bankodemia;
			productName = bankodemia;
			productReference = 565E789B27BDB81700FE708D /* bankodemia.app */;
			productType = "com.apple.product-type.application";
		};
/* End PBXNativeTarget section */

/* Begin PBXProject section */
		565E789327BDB81700FE708D /* Project object */ = {
			isa = PBXProject;
			attributes = {
				BuildIndependentTargetsInParallel = 1;
				LastSwiftUpdateCheck = 1320;
				LastUpgradeCheck = 1320;
				TargetAttributes = {
					565E789A27BDB81700FE708D = {
						CreatedOnToolsVersion = 13.2.1;
					};
				};
			};
			buildConfigurationList = 565E789627BDB81700FE708D /* Build configuration list for PBXProject "bankodemia" */;
			compatibilityVersion = "Xcode 13.0";
			developmentRegion = en;
			hasScannedForEncodings = 0;
			knownRegions = (
				en,
				Base,
			);
			mainGroup = 565E789227BDB81700FE708D;
			productRefGroup = 565E789C27BDB81700FE708D /* Products */;
			projectDirPath = "";
			projectRoot = "";
			targets = (
				565E789A27BDB81700FE708D /* bankodemia */,
			);
		};
/* End PBXProject section */

/* Begin PBXResourcesBuildPhase section */
		565E789927BDB81700FE708D /* Resources */ = {
			isa = PBXResourcesBuildPhase;
			buildActionMask = 2147483647;
			files = (
				565E78AB27BDB81900FE708D /* LaunchScreen.storyboard in Resources */,
				22C877A427C4800100521C71 /* Poppins-SemiBold.ttf in Resources */,
				565E78A827BDB81900FE708D /* Assets.xcassets in Resources */,
				22C877A627C4800100521C71 /* Poppins-Regular.ttf in Resources */,
				565E78A627BDB81700FE708D /* Main.storyboard in Resources */,
				22C877A527C4800100521C71 /* Poppins-Medium.ttf in Resources */,
			);
			runOnlyForDeploymentPostprocessing = 0;
		};
/* End PBXResourcesBuildPhase section */

/* Begin PBXSourcesBuildPhase section */
		565E789727BDB81700FE708D /* Sources */ = {
			isa = PBXSourcesBuildPhase;
			buildActionMask = 2147483647;
			files = (
				56CECD1427FBD90100F364A7 /* EnviarModuleLocalDataManager.swift in Sources */,
				567479F027FB9D4D0079E198 /* ContactsDTO.swift in Sources */,
				564B8BA127FA2726008869D7 /* LoginModuleAPIDataManager.swift in Sources */,
				56D935D227FA94EB00E002ED /* EnviandoDatosViewModel.swift in Sources */,
				56D935CA27FA760900E002ED /* VerificarViewModel.swift in Sources */,
				56FD96F427CB313200C708ED /* TarjetaViewController.swift in Sources */,
				225B4D8C27C3E06D003E6180 /* LoginViewController.swift in Sources */,
				56FE2E3827F69AB9008E8EE0 /* LoginRO.swift in Sources */,
				BDE94F9F27ED650F006E27E0 /* ConfirmarAgregadoViewController.swift in Sources */,
				56D935D027FA8CD500E002ED /* ContrasenaViewModel.swift in Sources */,
				56CECD1627FBDD4500F364A7 /* TransactionRO.swift in Sources */,
				56412CB527E2A7CB0027BBA7 /* ContrasenaViewController.swift in Sources */,
				BD0D82CA27F942B7009ABC83 /* AccountTableViewCell.swift in Sources */,
				56412CAD27E271290027BBA7 /* VerificarViewController.swift in Sources */,
				56FE2E3627F69A5E008E8EE0 /* NetworkError.swift in Sources */,
				BD0D82CC27F981BC009ABC83 /* DetailAccountViewController.swift in Sources */,
				56FE2E3C27F69B25008E8EE0 /* LoginDTO.swift in Sources */,
				56D935D727FA9FAB00E002ED /* SignupModuleProtocols.swift in Sources */,
				56FE2E3A27F69AEB008E8EE0 /* Response.swift in Sources */,
				56D935DE27FAEB9800E002ED /* UserDetailAPIDataManager.swift in Sources */,
				56ED679C27E3E527000B6146 /* EnviandoDatosViewController.swift in Sources */,
				567479F227FBA5B80079E198 /* ContactsRO.swift in Sources */,
				225B4D8427C3DFCC003E6180 /* WelcomeViewController.swift in Sources */,
				56412CB127E28B770027BBA7 /* DocumentsTableViewCell.swift in Sources */,
				56D935E027FAEBBC00E002ED /* UserDetailLocalDataManager.swift in Sources */,
				56341CD827E012C300123524 /* TelefonoViewController.swift in Sources */,
				BD0D82D927FAE929009ABC83 /* TransactionTableViewCell.swift in Sources */,
				564B8B9F27FA2709008869D7 /* LoginModuleProtocols.swift in Sources */,
				225B4D8A27C3E041003E6180 /* SignUpViewController.swift in Sources */,
				BD0D82D727FADD7D009ABC83 /* TransactionObject.swift in Sources */,
				56CECD0E27FBD8BB00F364A7 /* EnviarViewModel.swift in Sources */,
				225B4D8A27C3E041003E6180 /* SignUpViewController.swift in Sources */,
				225B4D9427C3E441003E6180 /* UIColor++.swift in Sources */,
				19BCFA8627E42A0B007FD12D /* EnviarViewController.swift in Sources */,
				BD0D82D227FA83CA009ABC83 /* EsperaViewController.swift in Sources */,
				225B4D8A27C3E041003E6180 /* SignUpViewController.swift in Sources */,
				225B4D9427C3E441003E6180 /* UIColor++.swift in Sources */,
				19BCFA8627E42A0B007FD12D /* EnviarViewController.swift in Sources */,
				BD0D82D027FA6E36009ABC83 /* TransaccionFinalizadaViewController.swift in Sources */,
				56D935CC27FA803200E002ED /* VerificarTableViewModel.swift in Sources */,
				56FD96ED27CB2FFC00C708ED /* InicioViewController.swift in Sources */,
				564B8BA427FA36FD008869D7 /* ServicesBuilder.swift in Sources */,
				564B8BA327FA274C008869D7 /* LoginModuleLocalDataManager.swift in Sources */,
				560C438027F97FD100CC6FAE /* RegisterDTO.swift in Sources */,
				56D935C427FA544F00E002ED /* RegisterData.swift in Sources */,
				560C438227F9852600CC6FAE /* TransactionDTO.swift in Sources */,
				56CECD1227FBD8EF00F364A7 /* EnviarModulesAPIDataManager.swift in Sources */,
				56D935D527FA9DAC00E002ED /* SignupModuleAPIDataManager.swift in Sources */,
				56412CAF27E2727A0027BBA7 /* VerificarTableViewController.swift in Sources */,
				225B4D9627C3EDBB003E6180 /* UILabel++.swift in Sources */,
				BD0D82CE27FA4576009ABC83 /* ModalViewController.swift in Sources */,
				56FD96F927CB318A00C708ED /* ServiciosViewController.swift in Sources */,
				1987C3F727F9527E00A982DD /* DetalleViewController.swift in Sources */,
				56D935CE27FA82CF00E002ED /* DetailDocumentViewModel.swift in Sources */,
				225B4D8227C3DF31003E6180 /* WelcomeViewModel.swift in Sources */,
				225B4DA327C3FABE003E6180 /* Constants.swift in Sources */,
				BD0D82DB27FAE972009ABC83 /* DetailTransactionViewController.swift in Sources */,
				56412CB327E294AA0027BBA7 /* DetailDocumentViewController.swift in Sources */,
				BDE94F9B27ED5BC8006E27E0 /* AgregarTarjetaViewController.swift in Sources */,
				565E789F27BDB81700FE708D /* AppDelegate.swift in Sources */,
				56D935DA27FAEB4500E002ED /* UserDetailProtocols.swift in Sources */,
				56CECD1027FBD8D600F364A7 /* EnviarModuleProtocols.swift in Sources */,
				56FE2E4227F69D19008E8EE0 /* Endpoints.swift in Sources */,
				56D935DC27FAEB6A00E002ED /* UserDetailViewModel.swift in Sources */,
				563FD5CB27DA9F12000A7420 /* DatosViewController.swift in Sources */,
				56ED679F27E3E583000B6146 /* ConfirmacionViewController.swift in Sources */,
				56D935C127FA39B200E002ED /* ResponseParser.swift in Sources */,
				560C438627F999B700CC6FAE /* RegisterRO.swift in Sources */,
				225B4D9F27C3F9B9003E6180 /* UIView++.swift in Sources */,
				225B4D8627C3DFF2003E6180 /* SignUpViewModel.swift in Sources */,
				BDE94FA127EE71E5006E27E0 /* AccountObject.swift in Sources */,
				565E78A127BDB81700FE708D /* SceneDelegate.swift in Sources */,
				56D935C827FA6C5000E002ED /* TelefonoViewModel.swift in Sources */,
				56FD96EF27CB303600C708ED /* TabBarViewController.swift in Sources */,
				56D935C627FA5B1400E002ED /* DatosViewModel.swift in Sources */,
				560C438427F998B200CC6FAE /* UserRO.swift in Sources */,
				560C438427F998B200CC6FAE /* UserRO.swift in Sources */,
				225B4D8827C3E019003E6180 /* LoginViewModel.swift in Sources */,
			);
			runOnlyForDeploymentPostprocessing = 0;
		};
/* End PBXSourcesBuildPhase section */

/* Begin PBXVariantGroup section */
		565E78A427BDB81700FE708D /* Main.storyboard */ = {
			isa = PBXVariantGroup;
			children = (
				565E78A527BDB81700FE708D /* Base */,
			);
			name = Main.storyboard;
			sourceTree = "<group>";
		};
		565E78A927BDB81900FE708D /* LaunchScreen.storyboard */ = {
			isa = PBXVariantGroup;
			children = (
				565E78AA27BDB81900FE708D /* Base */,
			);
			name = LaunchScreen.storyboard;
			sourceTree = "<group>";
		};
/* End PBXVariantGroup section */

/* Begin XCBuildConfiguration section */
		565E78AD27BDB81900FE708D /* Debug */ = {
			isa = XCBuildConfiguration;
			buildSettings = {
				ALWAYS_SEARCH_USER_PATHS = NO;
				CLANG_ANALYZER_NONNULL = YES;
				CLANG_ANALYZER_NUMBER_OBJECT_CONVERSION = YES_AGGRESSIVE;
				CLANG_CXX_LANGUAGE_STANDARD = "gnu++17";
				CLANG_CXX_LIBRARY = "libc++";
				CLANG_ENABLE_MODULES = YES;
				CLANG_ENABLE_OBJC_ARC = YES;
				CLANG_ENABLE_OBJC_WEAK = YES;
				CLANG_WARN_BLOCK_CAPTURE_AUTORELEASING = YES;
				CLANG_WARN_BOOL_CONVERSION = YES;
				CLANG_WARN_COMMA = YES;
				CLANG_WARN_CONSTANT_CONVERSION = YES;
				CLANG_WARN_DEPRECATED_OBJC_IMPLEMENTATIONS = YES;
				CLANG_WARN_DIRECT_OBJC_ISA_USAGE = YES_ERROR;
				CLANG_WARN_DOCUMENTATION_COMMENTS = YES;
				CLANG_WARN_EMPTY_BODY = YES;
				CLANG_WARN_ENUM_CONVERSION = YES;
				CLANG_WARN_INFINITE_RECURSION = YES;
				CLANG_WARN_INT_CONVERSION = YES;
				CLANG_WARN_NON_LITERAL_NULL_CONVERSION = YES;
				CLANG_WARN_OBJC_IMPLICIT_RETAIN_SELF = YES;
				CLANG_WARN_OBJC_LITERAL_CONVERSION = YES;
				CLANG_WARN_OBJC_ROOT_CLASS = YES_ERROR;
				CLANG_WARN_QUOTED_INCLUDE_IN_FRAMEWORK_HEADER = YES;
				CLANG_WARN_RANGE_LOOP_ANALYSIS = YES;
				CLANG_WARN_STRICT_PROTOTYPES = YES;
				CLANG_WARN_SUSPICIOUS_MOVE = YES;
				CLANG_WARN_UNGUARDED_AVAILABILITY = YES_AGGRESSIVE;
				CLANG_WARN_UNREACHABLE_CODE = YES;
				CLANG_WARN__DUPLICATE_METHOD_MATCH = YES;
				COPY_PHASE_STRIP = NO;
				DEBUG_INFORMATION_FORMAT = dwarf;
				ENABLE_STRICT_OBJC_MSGSEND = YES;
				ENABLE_TESTABILITY = YES;
				GCC_C_LANGUAGE_STANDARD = gnu11;
				GCC_DYNAMIC_NO_PIC = NO;
				GCC_NO_COMMON_BLOCKS = YES;
				GCC_OPTIMIZATION_LEVEL = 0;
				GCC_PREPROCESSOR_DEFINITIONS = (
					"DEBUG=1",
					"$(inherited)",
				);
				GCC_WARN_64_TO_32_BIT_CONVERSION = YES;
				GCC_WARN_ABOUT_RETURN_TYPE = YES_ERROR;
				GCC_WARN_UNDECLARED_SELECTOR = YES;
				GCC_WARN_UNINITIALIZED_AUTOS = YES_AGGRESSIVE;
				GCC_WARN_UNUSED_FUNCTION = YES;
				GCC_WARN_UNUSED_VARIABLE = YES;
				IPHONEOS_DEPLOYMENT_TARGET = 15.2;
				MTL_ENABLE_DEBUG_INFO = INCLUDE_SOURCE;
				MTL_FAST_MATH = YES;
				ONLY_ACTIVE_ARCH = YES;
				SDKROOT = iphoneos;
				SWIFT_ACTIVE_COMPILATION_CONDITIONS = DEBUG;
				SWIFT_OPTIMIZATION_LEVEL = "-Onone";
			};
			name = Debug;
		};
		565E78AE27BDB81900FE708D /* Release */ = {
			isa = XCBuildConfiguration;
			buildSettings = {
				ALWAYS_SEARCH_USER_PATHS = NO;
				CLANG_ANALYZER_NONNULL = YES;
				CLANG_ANALYZER_NUMBER_OBJECT_CONVERSION = YES_AGGRESSIVE;
				CLANG_CXX_LANGUAGE_STANDARD = "gnu++17";
				CLANG_CXX_LIBRARY = "libc++";
				CLANG_ENABLE_MODULES = YES;
				CLANG_ENABLE_OBJC_ARC = YES;
				CLANG_ENABLE_OBJC_WEAK = YES;
				CLANG_WARN_BLOCK_CAPTURE_AUTORELEASING = YES;
				CLANG_WARN_BOOL_CONVERSION = YES;
				CLANG_WARN_COMMA = YES;
				CLANG_WARN_CONSTANT_CONVERSION = YES;
				CLANG_WARN_DEPRECATED_OBJC_IMPLEMENTATIONS = YES;
				CLANG_WARN_DIRECT_OBJC_ISA_USAGE = YES_ERROR;
				CLANG_WARN_DOCUMENTATION_COMMENTS = YES;
				CLANG_WARN_EMPTY_BODY = YES;
				CLANG_WARN_ENUM_CONVERSION = YES;
				CLANG_WARN_INFINITE_RECURSION = YES;
				CLANG_WARN_INT_CONVERSION = YES;
				CLANG_WARN_NON_LITERAL_NULL_CONVERSION = YES;
				CLANG_WARN_OBJC_IMPLICIT_RETAIN_SELF = YES;
				CLANG_WARN_OBJC_LITERAL_CONVERSION = YES;
				CLANG_WARN_OBJC_ROOT_CLASS = YES_ERROR;
				CLANG_WARN_QUOTED_INCLUDE_IN_FRAMEWORK_HEADER = YES;
				CLANG_WARN_RANGE_LOOP_ANALYSIS = YES;
				CLANG_WARN_STRICT_PROTOTYPES = YES;
				CLANG_WARN_SUSPICIOUS_MOVE = YES;
				CLANG_WARN_UNGUARDED_AVAILABILITY = YES_AGGRESSIVE;
				CLANG_WARN_UNREACHABLE_CODE = YES;
				CLANG_WARN__DUPLICATE_METHOD_MATCH = YES;
				COPY_PHASE_STRIP = NO;
				DEBUG_INFORMATION_FORMAT = "dwarf-with-dsym";
				ENABLE_NS_ASSERTIONS = NO;
				ENABLE_STRICT_OBJC_MSGSEND = YES;
				GCC_C_LANGUAGE_STANDARD = gnu11;
				GCC_NO_COMMON_BLOCKS = YES;
				GCC_WARN_64_TO_32_BIT_CONVERSION = YES;
				GCC_WARN_ABOUT_RETURN_TYPE = YES_ERROR;
				GCC_WARN_UNDECLARED_SELECTOR = YES;
				GCC_WARN_UNINITIALIZED_AUTOS = YES_AGGRESSIVE;
				GCC_WARN_UNUSED_FUNCTION = YES;
				GCC_WARN_UNUSED_VARIABLE = YES;
				IPHONEOS_DEPLOYMENT_TARGET = 15.2;
				MTL_ENABLE_DEBUG_INFO = NO;
				MTL_FAST_MATH = YES;
				SDKROOT = iphoneos;
				SWIFT_COMPILATION_MODE = wholemodule;
				SWIFT_OPTIMIZATION_LEVEL = "-O";
				VALIDATE_PRODUCT = YES;
			};
			name = Release;
		};
		565E78B027BDB81900FE708D /* Debug */ = {
			isa = XCBuildConfiguration;
			buildSettings = {
				ASSETCATALOG_COMPILER_APPICON_NAME = AppIcon;
				ASSETCATALOG_COMPILER_GLOBAL_ACCENT_COLOR_NAME = AccentColor;
				CODE_SIGN_STYLE = Automatic;
				CURRENT_PROJECT_VERSION = 1;
				DEVELOPMENT_TEAM = 4DZW79N875;
				GENERATE_INFOPLIST_FILE = YES;
				INFOPLIST_FILE = bankodemia/Info.plist;
				INFOPLIST_KEY_UIApplicationSupportsIndirectInputEvents = YES;
				INFOPLIST_KEY_UILaunchStoryboardName = LaunchScreen;
				INFOPLIST_KEY_UIMainStoryboardFile = Main;
				INFOPLIST_KEY_UISupportedInterfaceOrientations = UIInterfaceOrientationPortrait;
				INFOPLIST_KEY_UISupportedInterfaceOrientations_iPad = "UIInterfaceOrientationPortrait UIInterfaceOrientationPortraitUpsideDown UIInterfaceOrientationLandscapeLeft UIInterfaceOrientationLandscapeRight";
				INFOPLIST_KEY_UISupportedInterfaceOrientations_iPhone = "UIInterfaceOrientationPortrait UIInterfaceOrientationLandscapeLeft UIInterfaceOrientationLandscapeRight";
				IPHONEOS_DEPLOYMENT_TARGET = 15.2;
				LD_RUNPATH_SEARCH_PATHS = (
					"$(inherited)",
					"@executable_path/Frameworks",
				);
				MARKETING_VERSION = 1.0;
				PRODUCT_BUNDLE_IDENTIFIER = com.gis.bankodemia;
				PRODUCT_NAME = "$(TARGET_NAME)";
				SWIFT_EMIT_LOC_STRINGS = YES;
				SWIFT_VERSION = 5.0;
				TARGETED_DEVICE_FAMILY = 1;
			};
			name = Debug;
		};
		565E78B127BDB81900FE708D /* Release */ = {
			isa = XCBuildConfiguration;
			buildSettings = {
				ASSETCATALOG_COMPILER_APPICON_NAME = AppIcon;
				ASSETCATALOG_COMPILER_GLOBAL_ACCENT_COLOR_NAME = AccentColor;
				CODE_SIGN_STYLE = Automatic;
				CURRENT_PROJECT_VERSION = 1;
				DEVELOPMENT_TEAM = 4DZW79N875;
				GENERATE_INFOPLIST_FILE = YES;
				INFOPLIST_FILE = bankodemia/Info.plist;
				INFOPLIST_KEY_UIApplicationSupportsIndirectInputEvents = YES;
				INFOPLIST_KEY_UILaunchStoryboardName = LaunchScreen;
				INFOPLIST_KEY_UIMainStoryboardFile = Main;
				INFOPLIST_KEY_UISupportedInterfaceOrientations = UIInterfaceOrientationPortrait;
				INFOPLIST_KEY_UISupportedInterfaceOrientations_iPad = "UIInterfaceOrientationPortrait UIInterfaceOrientationPortraitUpsideDown UIInterfaceOrientationLandscapeLeft UIInterfaceOrientationLandscapeRight";
				INFOPLIST_KEY_UISupportedInterfaceOrientations_iPhone = "UIInterfaceOrientationPortrait UIInterfaceOrientationLandscapeLeft UIInterfaceOrientationLandscapeRight";
				IPHONEOS_DEPLOYMENT_TARGET = 15.2;
				LD_RUNPATH_SEARCH_PATHS = (
					"$(inherited)",
					"@executable_path/Frameworks",
				);
				MARKETING_VERSION = 1.0;
				PRODUCT_BUNDLE_IDENTIFIER = com.gis.bankodemia;
				PRODUCT_NAME = "$(TARGET_NAME)";
				SWIFT_EMIT_LOC_STRINGS = YES;
				SWIFT_VERSION = 5.0;
				TARGETED_DEVICE_FAMILY = 1;
			};
			name = Release;
		};
/* End XCBuildConfiguration section */

/* Begin XCConfigurationList section */
		565E789627BDB81700FE708D /* Build configuration list for PBXProject "bankodemia" */ = {
			isa = XCConfigurationList;
			buildConfigurations = (
				565E78AD27BDB81900FE708D /* Debug */,
				565E78AE27BDB81900FE708D /* Release */,
			);
			defaultConfigurationIsVisible = 0;
			defaultConfigurationName = Release;
		};
		565E78AF27BDB81900FE708D /* Build configuration list for PBXNativeTarget "bankodemia" */ = {
			isa = XCConfigurationList;
			buildConfigurations = (
				565E78B027BDB81900FE708D /* Debug */,
				565E78B127BDB81900FE708D /* Release */,
			);
			defaultConfigurationIsVisible = 0;
			defaultConfigurationName = Release;
		};
/* End XCConfigurationList section */
	};
	rootObject = 565E789327BDB81700FE708D /* Project object */;
}
